
Microsoft Visual Studio Solution File, Format Version 12.00
# Visual Studio Version 16
VisualStudioVersion = 16.0.28922.388
MinimumVisualStudioVersion = 10.0.40219.1
Project("{FAE04EC0-301F-11D3-BF4B-00C04F79EFBC}") = "phantomInterface2", "phantomInterface2\phantomInterface2.csproj", "{FE116FD4-8F01-4A98-A735-220ECEE2530D}"
EndProject
Global
	GlobalSection(SolutionConfigurationPlatforms) = preSolution
		Debug|Any CPU = Debug|Any CPU
		Release|Any CPU = Release|Any CPU
	EndGlobalSection
	GlobalSection(ProjectConfigurationPlatforms) = postSolution
		{FE116FD4-8F01-4A98-A735-220ECEE2530D}.Debug|Any CPU.ActiveCfg = Debug|Any CPU
		{FE116FD4-8F01-4A98-A735-220ECEE2530D}.Debug|Any CPU.Build.0 = Debug|Any CPU
		{FE116FD4-8F01-4A98-A735-220ECEE2530D}.Release|Any CPU.ActiveCfg = Release|Any CPU
		{FE116FD4-8F01-4A98-A735-220ECEE2530D}.Release|Any CPU.Build.0 = Release|Any CPU
	EndGlobalSection
	GlobalSection(SolutionProperties) = preSolution
		HideSolutionNode = FALSE
	EndGlobalSection
	GlobalSection(ExtensibilityGlobals) = postSolution
		SolutionGuid = {808D148A-6561-4D88-A612-CFF27475897B}
	EndGlobalSection
EndGlobal
